
Microsoft Visual Studio Solution File, Format Version 12.00
# Visual Studio Version 16
VisualStudioVersion = 16.0.29102.190
MinimumVisualStudioVersion = 10.0.40219.1
Project("{FAE04EC0-301F-11D3-BF4B-00C04F79EFBC}") = "Forum2019.BusinessLayer", "Forum2019.BusinessLayer\Forum2019.BusinessLayer.csproj", "{08620C45-CE2D-46EC-B691-13206C48E039}"
EndProject
Project("{FAE04EC0-301F-11D3-BF4B-00C04F79EFBC}") = "Forum2019.Client", "Forum2019.Client\Forum2019.Client.csproj", "{77292235-B969-4A28-92DD-CFE4E0183E35}"
EndProject
Project("{FAE04EC0-301F-11D3-BF4B-00C04F79EFBC}") = "Forum2019.DAL.Entities", "Forum2019.DAL.Entities\Forum2019.DAL.Entities.csproj", "{F6C2CC82-8F87-4427-A922-24846196FEE6}"
EndProject
Project("{FAE04EC0-301F-11D3-BF4B-00C04F79EFBC}") = "Forum2019.ServiceLayer", "Forum2019.ServiceLayer\Forum2019.ServiceLayer.csproj", "{8B40D975-B71C-4672-8BCE-2D5D3568E26B}"
EndProject
Global
	GlobalSection(SolutionConfigurationPlatforms) = preSolution
		Debug|Any CPU = Debug|Any CPU
		Release|Any CPU = Release|Any CPU
	EndGlobalSection
	GlobalSection(ProjectConfigurationPlatforms) = postSolution
		{08620C45-CE2D-46EC-B691-13206C48E039}.Debug|Any CPU.ActiveCfg = Debug|Any CPU
		{08620C45-CE2D-46EC-B691-13206C48E039}.Debug|Any CPU.Build.0 = Debug|Any CPU
		{08620C45-CE2D-46EC-B691-13206C48E039}.Release|Any CPU.ActiveCfg = Release|Any CPU
		{08620C45-CE2D-46EC-B691-13206C48E039}.Release|Any CPU.Build.0 = Release|Any CPU
		{77292235-B969-4A28-92DD-CFE4E0183E35}.Debug|Any CPU.ActiveCfg = Debug|Any CPU
		{77292235-B969-4A28-92DD-CFE4E0183E35}.Debug|Any CPU.Build.0 = Debug|Any CPU
		{77292235-B969-4A28-92DD-CFE4E0183E35}.Release|Any CPU.ActiveCfg = Release|Any CPU
		{77292235-B969-4A28-92DD-CFE4E0183E35}.Release|Any CPU.Build.0 = Release|Any CPU
		{F6C2CC82-8F87-4427-A922-24846196FEE6}.Debug|Any CPU.ActiveCfg = Debug|Any CPU
		{F6C2CC82-8F87-4427-A922-24846196FEE6}.Debug|Any CPU.Build.0 = Debug|Any CPU
		{F6C2CC82-8F87-4427-A922-24846196FEE6}.Release|Any CPU.ActiveCfg = Release|Any CPU
		{F6C2CC82-8F87-4427-A922-24846196FEE6}.Release|Any CPU.Build.0 = Release|Any CPU
		{8B40D975-B71C-4672-8BCE-2D5D3568E26B}.Debug|Any CPU.ActiveCfg = Debug|Any CPU
		{8B40D975-B71C-4672-8BCE-2D5D3568E26B}.Debug|Any CPU.Build.0 = Debug|Any CPU
		{8B40D975-B71C-4672-8BCE-2D5D3568E26B}.Release|Any CPU.ActiveCfg = Release|Any CPU
		{8B40D975-B71C-4672-8BCE-2D5D3568E26B}.Release|Any CPU.Build.0 = Release|Any CPU
	EndGlobalSection
	GlobalSection(SolutionProperties) = preSolution
		HideSolutionNode = FALSE
	EndGlobalSection
	GlobalSection(ExtensibilityGlobals) = postSolution
		SolutionGuid = {E442C4B2-AB16-473D-BA01-4F483E90B1E2}
	EndGlobalSection
EndGlobal
